
Microsoft Visual Studio Solution File, Format Version 12.00
# Visual Studio Version 17
VisualStudioVersion = 17.13.35806.99
MinimumVisualStudioVersion = 10.0.40219.1
Project("{FAE04EC0-301F-11D3-BF4B-00C04F79EFBC}") = "lesson_01", "lesson_01\lesson_01.csproj", "{0995F4A6-B17E-43B2-B013-F2A47D267DCE}"
EndProject
Project("{FAE04EC0-301F-11D3-BF4B-00C04F79EFBC}") = "Domains", "Domains\Domains.csproj", "{BC32CF72-74F4-4A11-91B3-D21A40A0F863}"
EndProject
Project("{FAE04EC0-301F-11D3-BF4B-00C04F79EFBC}") = "Domians App Forms", "Domians App Forms\Domians App Forms.csproj", "{9DE94FB4-3B7D-4165-8838-8243EC66AE92}"
EndProject
Project("{FAE04EC0-301F-11D3-BF4B-00C04F79EFBC}") = "Multithreading", "Multithreading\Multithreading.csproj", "{33F95661-6DD0-4590-910C-619A1529DDA9}"
EndProject
Global
	GlobalSection(SolutionConfigurationPlatforms) = preSolution
		Debug|Any CPU = Debug|Any CPU
		Release|Any CPU = Release|Any CPU
	EndGlobalSection
	GlobalSection(ProjectConfigurationPlatforms) = postSolution
		{0995F4A6-B17E-43B2-B013-F2A47D267DCE}.Debug|Any CPU.ActiveCfg = Debug|Any CPU
		{0995F4A6-B17E-43B2-B013-F2A47D267DCE}.Debug|Any CPU.Build.0 = Debug|Any CPU
		{0995F4A6-B17E-43B2-B013-F2A47D267DCE}.Release|Any CPU.ActiveCfg = Release|Any CPU
		{0995F4A6-B17E-43B2-B013-F2A47D267DCE}.Release|Any CPU.Build.0 = Release|Any CPU
		{BC32CF72-74F4-4A11-91B3-D21A40A0F863}.Debug|Any CPU.ActiveCfg = Debug|Any CPU
		{BC32CF72-74F4-4A11-91B3-D21A40A0F863}.Debug|Any CPU.Build.0 = Debug|Any CPU
		{BC32CF72-74F4-4A11-91B3-D21A40A0F863}.Release|Any CPU.ActiveCfg = Release|Any CPU
		{BC32CF72-74F4-4A11-91B3-D21A40A0F863}.Release|Any CPU.Build.0 = Release|Any CPU
		{9DE94FB4-3B7D-4165-8838-8243EC66AE92}.Debug|Any CPU.ActiveCfg = Debug|Any CPU
		{9DE94FB4-3B7D-4165-8838-8243EC66AE92}.Debug|Any CPU.Build.0 = Debug|Any CPU
		{9DE94FB4-3B7D-4165-8838-8243EC66AE92}.Release|Any CPU.ActiveCfg = Release|Any CPU
		{9DE94FB4-3B7D-4165-8838-8243EC66AE92}.Release|Any CPU.Build.0 = Release|Any CPU
		{33F95661-6DD0-4590-910C-619A1529DDA9}.Debug|Any CPU.ActiveCfg = Debug|Any CPU
		{33F95661-6DD0-4590-910C-619A1529DDA9}.Debug|Any CPU.Build.0 = Debug|Any CPU
		{33F95661-6DD0-4590-910C-619A1529DDA9}.Release|Any CPU.ActiveCfg = Release|Any CPU
		{33F95661-6DD0-4590-910C-619A1529DDA9}.Release|Any CPU.Build.0 = Release|Any CPU
	EndGlobalSection
	GlobalSection(SolutionProperties) = preSolution
		HideSolutionNode = FALSE
	EndGlobalSection
	GlobalSection(ExtensibilityGlobals) = postSolution
		SolutionGuid = {2914FB23-3A6E-4F44-8D7C-E815B856BDE0}
	EndGlobalSection
EndGlobal
